
Microsoft Visual Studio Solution File, Format Version 12.00
# Visual Studio Version 16
VisualStudioVersion = 16.0.31702.278
MinimumVisualStudioVersion = 10.0.40219.1
Project("{FAE04EC0-301F-11D3-BF4B-00C04F79EFBC}") = "QRCode", "QRCode\QRCode.csproj", "{C845A897-08EE-4EED-BAF7-6B81D6AB1720}"
EndProject
Global
	GlobalSection(SolutionConfigurationPlatforms) = preSolution
		Debug|Any CPU = Debug|Any CPU
		Release|Any CPU = Release|Any CPU
	EndGlobalSection
	GlobalSection(ProjectConfigurationPlatforms) = postSolution
		{C845A897-08EE-4EED-BAF7-6B81D6AB1720}.Debug|Any CPU.ActiveCfg = Debug|Any CPU
		{C845A897-08EE-4EED-BAF7-6B81D6AB1720}.Debug|Any CPU.Build.0 = Debug|Any CPU
		{C845A897-08EE-4EED-BAF7-6B81D6AB1720}.Release|Any CPU.ActiveCfg = Release|Any CPU
		{C845A897-08EE-4EED-BAF7-6B81D6AB1720}.Release|Any CPU.Build.0 = Release|Any CPU
	EndGlobalSection
	GlobalSection(SolutionProperties) = preSolution
		HideSolutionNode = FALSE
	EndGlobalSection
	GlobalSection(ExtensibilityGlobals) = postSolution
		SolutionGuid = {E8AA2E42-6262-4202-8980-A0DB65E0D422}
	EndGlobalSection
EndGlobal
